
Microsoft Visual Studio Solution File, Format Version 12.00
# Visual Studio Version 17
VisualStudioVersion = 17.5.33516.290
MinimumVisualStudioVersion = 10.0.40219.1
Project("{FAE04EC0-301F-11D3-BF4B-00C04F79EFBC}") = "FunDoNote1 Application", "FunDoNote1 Application\FunDoNote1 Application.csproj", "{24220C59-0116-41C9-89E9-9E35CB96B245}"
EndProject
Project("{FAE04EC0-301F-11D3-BF4B-00C04F79EFBC}") = "BussinessLayer", "BussinessLayer\BussinessLayer.csproj", "{C58CEB82-869D-4DA3-9298-EE56CE7923BB}"
EndProject
Project("{FAE04EC0-301F-11D3-BF4B-00C04F79EFBC}") = "CommonLayer", "CommonLayer\CommonLayer.csproj", "{952ADBC6-8808-4C72-9BA4-975F1397EFAE}"
EndProject
Project("{FAE04EC0-301F-11D3-BF4B-00C04F79EFBC}") = "DataLayer", "DataLayer\DataLayer.csproj", "{C016FE7E-A012-4BE9-A46D-6D4496A51304}"
EndProject
Global
	GlobalSection(SolutionConfigurationPlatforms) = preSolution
		Debug|Any CPU = Debug|Any CPU
		Release|Any CPU = Release|Any CPU
	EndGlobalSection
	GlobalSection(ProjectConfigurationPlatforms) = postSolution
		{24220C59-0116-41C9-89E9-9E35CB96B245}.Debug|Any CPU.ActiveCfg = Debug|Any CPU
		{24220C59-0116-41C9-89E9-9E35CB96B245}.Debug|Any CPU.Build.0 = Debug|Any CPU
		{24220C59-0116-41C9-89E9-9E35CB96B245}.Release|Any CPU.ActiveCfg = Release|Any CPU
		{24220C59-0116-41C9-89E9-9E35CB96B245}.Release|Any CPU.Build.0 = Release|Any CPU
		{C58CEB82-869D-4DA3-9298-EE56CE7923BB}.Debug|Any CPU.ActiveCfg = Debug|Any CPU
		{C58CEB82-869D-4DA3-9298-EE56CE7923BB}.Debug|Any CPU.Build.0 = Debug|Any CPU
		{C58CEB82-869D-4DA3-9298-EE56CE7923BB}.Release|Any CPU.ActiveCfg = Release|Any CPU
		{C58CEB82-869D-4DA3-9298-EE56CE7923BB}.Release|Any CPU.Build.0 = Release|Any CPU
		{952ADBC6-8808-4C72-9BA4-975F1397EFAE}.Debug|Any CPU.ActiveCfg = Debug|Any CPU
		{952ADBC6-8808-4C72-9BA4-975F1397EFAE}.Debug|Any CPU.Build.0 = Debug|Any CPU
		{952ADBC6-8808-4C72-9BA4-975F1397EFAE}.Release|Any CPU.ActiveCfg = Release|Any CPU
		{952ADBC6-8808-4C72-9BA4-975F1397EFAE}.Release|Any CPU.Build.0 = Release|Any CPU
		{C016FE7E-A012-4BE9-A46D-6D4496A51304}.Debug|Any CPU.ActiveCfg = Debug|Any CPU
		{C016FE7E-A012-4BE9-A46D-6D4496A51304}.Debug|Any CPU.Build.0 = Debug|Any CPU
		{C016FE7E-A012-4BE9-A46D-6D4496A51304}.Release|Any CPU.ActiveCfg = Release|Any CPU
		{C016FE7E-A012-4BE9-A46D-6D4496A51304}.Release|Any CPU.Build.0 = Release|Any CPU
	EndGlobalSection
	GlobalSection(SolutionProperties) = preSolution
		HideSolutionNode = FALSE
	EndGlobalSection
	GlobalSection(ExtensibilityGlobals) = postSolution
		SolutionGuid = {A964871F-C3FA-4166-AFAA-C372BE5E27D5}
	EndGlobalSection
EndGlobal
